{
  "name": "demo-angular",
  "lockfileVersion": 2,
  "requires": true,
  "packages": {
    "": {
      "dependencies": {
        "@erichlz/nativescript-pseudo-bubble-notification": "file:../../dist/packages/nativescript-pseudo-bubble-notification",
        "@nativescript/core": "file:../../node_modules/@nativescript/core"
      },
      "devDependencies": {
        "@nativescript/android": "~8.3.0",
        "@nativescript/ios": "~8.3.0"
      }
    },
    "../../dist/packages/bubbles": {
      "name": "@erichlz/bubbles",
      "version": "1.0.0",
      "extraneous": true,
      "license": "Apache-2.0"
    },
    "../../dist/packages/nativescript-pseudo-bubble-notification": {
      "name": "@erichlz/nativescript-pseudo-bubble-notification",
      "version": "1.0.0",
      "license": "Apache-2.0"
    },
    "../../dist/packages/nativescript-simply-notification": {
      "name": "@erichlz/nativescript-simply-notification",
      "version": "1.0.5",
      "extraneous": true,
      "license": "Apache-2.0"
    },
    "../../node_modules/@nativescript/core": {
      "version": "8.3.4",
      "hasInstallScript": true,
      "license": "Apache-2.0",
      "dependencies": {
        "@nativescript/hook": "~2.0.0",
        "acorn": "^8.7.0",
        "css-tree": "^1.1.2",
        "reduce-css-calc": "^2.1.7",
        "tslib": "^2.0.0"
      }
    },
    "node_modules/@erichlz/nativescript-pseudo-bubble-notification": {
      "resolved": "../../dist/packages/nativescript-pseudo-bubble-notification",
      "link": true
    },
    "node_modules/@nativescript/android": {
      "version": "8.3.1",
      "resolved": "https://registry.npmjs.org/@nativescript/android/-/android-8.3.1.tgz",
      "integrity": "sha512-Q82ZuACx4DapjKsvqlGVEhcIAJR111ppMRL+Dnw2Jkt1YeE5CFQUZGq1mE72BfzrqrV6RrkgHtwS4EF511JxbQ==",
      "dev": true
    },
    "node_modules/@nativescript/core": {
      "resolved": "../../node_modules/@nativescript/core",
      "link": true
    },
    "node_modules/@nativescript/ios": {
      "version": "8.3.3",
      "resolved": "https://registry.npmjs.org/@nativescript/ios/-/ios-8.3.3.tgz",
      "integrity": "sha512-5Ac3WGQWKkt2Crw6XeqhLctQs0I2xhvO7+2diq/fyGdcLmdUxl/lerBJRY478S0THNufvnq8HCUIXm90UlpXfg==",
      "dev": true
    }
  },
  "dependencies": {
    "@erichlz/nativescript-pseudo-bubble-notification": {
      "version": "file:../../dist/packages/nativescript-pseudo-bubble-notification"
    },
    "@nativescript/android": {
      "version": "8.3.1",
      "resolved": "https://registry.npmjs.org/@nativescript/android/-/android-8.3.1.tgz",
      "integrity": "sha512-Q82ZuACx4DapjKsvqlGVEhcIAJR111ppMRL+Dnw2Jkt1YeE5CFQUZGq1mE72BfzrqrV6RrkgHtwS4EF511JxbQ==",
      "dev": true
    },
    "@nativescript/core": {
      "version": "file:../../node_modules/@nativescript/core",
      "requires": {
        "@nativescript/hook": "~2.0.0",
        "acorn": "^8.7.0",
        "css-tree": "^1.1.2",
        "reduce-css-calc": "^2.1.7",
        "tslib": "^2.0.0"
      }
    },
    "@nativescript/ios": {
      "version": "8.3.3",
      "resolved": "https://registry.npmjs.org/@nativescript/ios/-/ios-8.3.3.tgz",
      "integrity": "sha512-5Ac3WGQWKkt2Crw6XeqhLctQs0I2xhvO7+2diq/fyGdcLmdUxl/lerBJRY478S0THNufvnq8HCUIXm90UlpXfg==",
      "dev": true
    }
  }
}
